{
  "nodes": {
    "nixpkgs": {
      "locked": {
        "lastModified": 1709437667,
        "narHash": "sha256-RmUfigFkkI5qMj/vsqbDKNBhOCO3SKsPxU5akL0TpS8=",
        "owner": "NixOS",
        "repo": "nixpkgs",
        "rev": "268690ff59e25a06a7c782900144df92ed545584",
        "type": "github"
      },
      "original": {
        "owner": "NixOS",
        "ref": "master",
        "repo": "nixpkgs",
        "type": "github"
      }
    },
    "root": {
      "inputs": {
        "nixpkgs": "nixpkgs"
      }
    }
  },
  "root": "root",
  "version": 7
}
